{
  "name": "@linux-remote/client-mount",
  "version": "0.0.1",
  "lockfileVersion": 1,
  "requires": true,
  "dependencies": {
    "@linux-remote/local-unpkg": {
      "version": "0.0.1",
      "resolved": "https://registry.npmjs.org/@linux-remote/local-unpkg/-/local-unpkg-0.0.1.tgz",
      "integrity": "sha512-JVwj/bWCSmbYMbHkFFvmvwjlpcRypJ+6PVd+k+PMu6eth6IIz9tk9eP0NCL9sPyKqYZmSzMFgnIqd+OKjjLG8g==",
      "requires": {
        "jquery": "3.4.1",
        "requirejs.min": "2.3.6",
        "vue": "2.5.16",
        "vue-router": "3.0.1",
        "vuex": "3.0.1",
        "xterm": "4.3.0",
        "xterm-addon-attach": "0.4.0",
        "xterm-addon-fit": "0.3.0",
        "xterm-addon-web-links": "0.2.1"
      }
    },
    "debug": {
      "version": "3.2.6",
      "resolved": "https://registry.npmjs.org/debug/-/debug-3.2.6.tgz",
      "integrity": "sha512-mel+jf7nrtEl5Pn1Qx46zARXKDpBbvzezse7p7LqINmdoIk8PYP5SySaxEmYv6TZ0JyEKA1hsCId6DIhgITtWQ==",
      "requires": {
        "ms": "^2.1.1"
      }
    },
    "ejs": {
      "version": "3.0.1",
      "resolved": "https://registry.npmjs.org/ejs/-/ejs-3.0.1.tgz",
      "integrity": "sha512-cuIMtJwxvzumSAkqaaoGY/L6Fc/t6YvoP9/VIaK0V/CyqKLEQ8sqODmYfy/cjXEdZ9+OOL8TecbJu+1RsofGDw=="
    },
    "eventemitter3": {
      "version": "4.0.0",
      "resolved": "https://registry.npmjs.org/eventemitter3/-/eventemitter3-4.0.0.tgz",
      "integrity": "sha512-qerSRB0p+UDEssxTtm6EDKcE7W4OaoisfIMl4CngyEhjpYglocpNg6UEqCvemdGhosAsg4sO2dXJOdyBifPGCg=="
    },
    "follow-redirects": {
      "version": "1.9.1",
      "resolved": "https://registry.npmjs.org/follow-redirects/-/follow-redirects-1.9.1.tgz",
      "integrity": "sha512-oUNbrdUjHItyCytZQrHxWQ81ebL4xCFLH10sG0poUMgbKWoBnswpICjUBld3PLJ1lF6cCYVUBG7hAdLro0JNvg==",
      "requires": {
        "debug": "^3.0.0"
      }
    },
    "http-proxy": {
      "version": "1.18.0",
      "resolved": "https://registry.npmjs.org/http-proxy/-/http-proxy-1.18.0.tgz",
      "integrity": "sha512-84I2iJM/n1d4Hdgc6y2+qY5mDaz2PUVjlg9znE9byl+q0uC3DeByqBGReQu5tpLK0TAqTIXScRUV+dg7+bUPpQ==",
      "requires": {
        "eventemitter3": "^4.0.0",
        "follow-redirects": "^1.0.0",
        "requires-port": "^1.0.0"
      }
    },
    "jquery": {
      "version": "3.4.1",
      "resolved": "https://registry.npmjs.org/jquery/-/jquery-3.4.1.tgz",
      "integrity": "sha512-36+AdBzCL+y6qjw5Tx7HgzeGCzC81MDDgaUP8ld2zhx58HdqXGoBd+tHdrBMiyjGQs0Hxs/MLZTu/eHNJJuWPw=="
    },
    "ms": {
      "version": "2.1.2",
      "resolved": "https://registry.npmjs.org/ms/-/ms-2.1.2.tgz",
      "integrity": "sha512-sGkPx+VjMtmA6MX27oA4FBFELFCZZ4S4XqeGOXCv68tT+jb3vk/RyaKWP0PTKyWtmLSM0b+adUTEvbs1PEaH2w=="
    },
    "requirejs.min": {
      "version": "2.3.6",
      "resolved": "https://registry.npmjs.org/requirejs.min/-/requirejs.min-2.3.6.tgz",
      "integrity": "sha512-GHzLGnOlWUKcYUi4OHmgNR/psuTIQCsrJN27C3lh0HsePyQBwvmknr++ndio2ssQ+kgsIlXyKIPR27go4aZ6nA=="
    },
    "requires-port": {
      "version": "1.0.0",
      "resolved": "https://registry.npmjs.org/requires-port/-/requires-port-1.0.0.tgz",
      "integrity": "sha1-kl0mAdOaxIXgkc8NpcbmlNw9yv8="
    },
    "vue": {
      "version": "2.5.16",
      "resolved": "https://registry.npmjs.org/vue/-/vue-2.5.16.tgz",
      "integrity": "sha512-/ffmsiVuPC8PsWcFkZngdpas19ABm5mh2wA7iDqcltyCTwlgZjHGeJYOXkBMo422iPwIcviOtrTCUpSfXmToLQ=="
    },
    "vue-router": {
      "version": "3.0.1",
      "resolved": "https://registry.npmjs.org/vue-router/-/vue-router-3.0.1.tgz",
      "integrity": "sha512-vLLoY452L+JBpALMP5UHum9+7nzR9PeIBCghU9ZtJ1eWm6ieUI8Zb/DI3MYxH32bxkjzYV1LRjNv4qr8d+uX/w=="
    },
    "vuex": {
      "version": "3.0.1",
      "resolved": "https://registry.npmjs.org/vuex/-/vuex-3.0.1.tgz",
      "integrity": "sha512-wLoqz0B7DSZtgbWL1ShIBBCjv22GV5U+vcBFox658g6V0s4wZV9P4YjCNyoHSyIBpj1f29JBoNQIqD82cR4O3w=="
    },
    "ws": {
      "version": "7.2.1",
      "resolved": "https://registry.npmjs.org/ws/-/ws-7.2.1.tgz",
      "integrity": "sha512-sucePNSafamSKoOqoNfBd8V0StlkzJKL2ZAhGQinCfNQ+oacw+Pk7lcdAElecBF2VkLNZRiIb5Oi1Q5lVUVt2A==",
      "dev": true
    },
    "xterm": {
      "version": "4.3.0",
      "resolved": "https://registry.npmjs.org/xterm/-/xterm-4.3.0.tgz",
      "integrity": "sha512-6dnrC4nxgnRKQzIWwC5HA0mnT9/rpDPZflUIr24gdcdSMTKM1QQcor4qQ/xz4Zerz6AIL/CuuBPypFfzsB63dQ=="
    },
    "xterm-addon-attach": {
      "version": "0.4.0",
      "resolved": "https://registry.npmjs.org/xterm-addon-attach/-/xterm-addon-attach-0.4.0.tgz",
      "integrity": "sha512-va1dagNs9ao1aj06cRCbyTXe4POBhOa0y7Qc6q9Z2Z9bgHt9zCANeP5tKM8d0SMKSPmRnxfQ2F4P11iwB/Tzsw=="
    },
    "xterm-addon-fit": {
      "version": "0.3.0",
      "resolved": "https://registry.npmjs.org/xterm-addon-fit/-/xterm-addon-fit-0.3.0.tgz",
      "integrity": "sha512-kvkiqHVrnMXgyCH9Xn0BOBJ7XaWC/4BgpSWQy3SueqximgW630t/QOankgqkvk11iTOCwWdAY9DTyQBXUMN3lw=="
    },
    "xterm-addon-web-links": {
      "version": "0.2.1",
      "resolved": "https://registry.npmjs.org/xterm-addon-web-links/-/xterm-addon-web-links-0.2.1.tgz",
      "integrity": "sha512-2KnHtiq0IG7hfwv3jw2/jQeH1RBk2d5CH4zvgwQe00rLofSJqSfgnJ7gwowxxpGHrpbPr6Lv4AmH/joaNw2+HQ=="
    }
  }
}
